
Microsoft Visual Studio Solution File, Format Version 12.00
# Visual Studio Version 16
VisualStudioVersion = 16.0.31911.196
MinimumVisualStudioVersion = 10.0.40219.1
Project("{9A19103F-16F7-4668-BE54-9A1E7A4F7556}") = "OCR.CLI", "OCR.CLI\OCR.CLI.csproj", "{A3C08950-082A-4339-9B69-C99587BB6431}"
EndProject
Project("{9A19103F-16F7-4668-BE54-9A1E7A4F7556}") = "OCR", "..\OCR\OCR\OCR.csproj", "{8BFB7F97-6780-46A9-B4A0-11CA07213CAA}"
EndProject
Global
	GlobalSection(SolutionConfigurationPlatforms) = preSolution
		Debug|Any CPU = Debug|Any CPU
		Release|Any CPU = Release|Any CPU
	EndGlobalSection
	GlobalSection(ProjectConfigurationPlatforms) = postSolution
		{A3C08950-082A-4339-9B69-C99587BB6431}.Debug|Any CPU.ActiveCfg = Debug|Any CPU
		{A3C08950-082A-4339-9B69-C99587BB6431}.Debug|Any CPU.Build.0 = Debug|Any CPU
		{A3C08950-082A-4339-9B69-C99587BB6431}.Release|Any CPU.ActiveCfg = Release|Any CPU
		{A3C08950-082A-4339-9B69-C99587BB6431}.Release|Any CPU.Build.0 = Release|Any CPU
		{8BFB7F97-6780-46A9-B4A0-11CA07213CAA}.Debug|Any CPU.ActiveCfg = Debug|Any CPU
		{8BFB7F97-6780-46A9-B4A0-11CA07213CAA}.Debug|Any CPU.Build.0 = Debug|Any CPU
		{8BFB7F97-6780-46A9-B4A0-11CA07213CAA}.Release|Any CPU.ActiveCfg = Release|Any CPU
		{8BFB7F97-6780-46A9-B4A0-11CA07213CAA}.Release|Any CPU.Build.0 = Release|Any CPU
	EndGlobalSection
	GlobalSection(SolutionProperties) = preSolution
		HideSolutionNode = FALSE
	EndGlobalSection
	GlobalSection(ExtensibilityGlobals) = postSolution
		SolutionGuid = {33E66E51-9B2D-40F5-9707-2EBA4B8BB684}
	EndGlobalSection
EndGlobal
